
Microsoft Visual Studio Solution File, Format Version 12.00
# Visual Studio 15
VisualStudioVersion = 15.0.28307.572
MinimumVisualStudioVersion = 10.0.40219.1
Project("{8BC9CEB8-8B4A-11D0-8D11-00A0C91BC942}") = "luatolk", "luatolk\luatolk.vcxproj", "{4A87F7BA-8649-4C18-9D4D-1A406EAF599F}"
EndProject
Project("{8BC9CEB8-8B4A-11D0-8D11-00A0C91BC942}") = "luatolktest", "luatolktest\luatolktest.vcxproj", "{D611C10D-F0FA-4641-BB4C-47B6835AD48B}"
	ProjectSection(ProjectDependencies) = postProject
		{4A87F7BA-8649-4C18-9D4D-1A406EAF599F} = {4A87F7BA-8649-4C18-9D4D-1A406EAF599F}
	EndProjectSection
EndProject
Global
	GlobalSection(SolutionConfigurationPlatforms) = preSolution
		Debug|x64 = Debug|x64
		Debug|x86 = Debug|x86
		Release|x64 = Release|x64
		Release|x86 = Release|x86
	EndGlobalSection
	GlobalSection(ProjectConfigurationPlatforms) = postSolution
		{4A87F7BA-8649-4C18-9D4D-1A406EAF599F}.Debug|x64.ActiveCfg = Debug|x64
		{4A87F7BA-8649-4C18-9D4D-1A406EAF599F}.Debug|x64.Build.0 = Debug|x64
		{4A87F7BA-8649-4C18-9D4D-1A406EAF599F}.Debug|x86.ActiveCfg = Debug|Win32
		{4A87F7BA-8649-4C18-9D4D-1A406EAF599F}.Debug|x86.Build.0 = Debug|Win32
		{4A87F7BA-8649-4C18-9D4D-1A406EAF599F}.Release|x64.ActiveCfg = Release|x64
		{4A87F7BA-8649-4C18-9D4D-1A406EAF599F}.Release|x64.Build.0 = Release|x64
		{4A87F7BA-8649-4C18-9D4D-1A406EAF599F}.Release|x86.ActiveCfg = Release|Win32
		{4A87F7BA-8649-4C18-9D4D-1A406EAF599F}.Release|x86.Build.0 = Release|Win32
		{D611C10D-F0FA-4641-BB4C-47B6835AD48B}.Debug|x64.ActiveCfg = Debug|x64
		{D611C10D-F0FA-4641-BB4C-47B6835AD48B}.Debug|x64.Build.0 = Debug|x64
		{D611C10D-F0FA-4641-BB4C-47B6835AD48B}.Debug|x86.ActiveCfg = Debug|Win32
		{D611C10D-F0FA-4641-BB4C-47B6835AD48B}.Debug|x86.Build.0 = Debug|Win32
		{D611C10D-F0FA-4641-BB4C-47B6835AD48B}.Release|x64.ActiveCfg = Release|x64
		{D611C10D-F0FA-4641-BB4C-47B6835AD48B}.Release|x64.Build.0 = Release|x64
		{D611C10D-F0FA-4641-BB4C-47B6835AD48B}.Release|x86.ActiveCfg = Release|Win32
		{D611C10D-F0FA-4641-BB4C-47B6835AD48B}.Release|x86.Build.0 = Release|Win32
	EndGlobalSection
	GlobalSection(SolutionProperties) = preSolution
		HideSolutionNode = FALSE
	EndGlobalSection
	GlobalSection(ExtensibilityGlobals) = postSolution
		SolutionGuid = {7B39287F-61B1-4D7E-807D-59080D0AE149}
	EndGlobalSection
EndGlobal
